
Microsoft Visual Studio Solution File, Format Version 12.00
# Visual Studio 15
VisualStudioVersion = 15.0.27428.1
MinimumVisualStudioVersion = 10.0.40219.1
Project("{8BC9CEB8-8B4A-11D0-8D11-00A0C91BC942}") = "sandClock", "sandClock\sandClock.vcxproj", "{22966E3B-AD47-407C-A8CD-549EBBC1B365}"
EndProject
Global
	GlobalSection(SolutionConfigurationPlatforms) = preSolution
		Debug|x64 = Debug|x64
		Debug|x86 = Debug|x86
		Release|x64 = Release|x64
		Release|x86 = Release|x86
	EndGlobalSection
	GlobalSection(ProjectConfigurationPlatforms) = postSolution
		{22966E3B-AD47-407C-A8CD-549EBBC1B365}.Debug|x64.ActiveCfg = Debug|x64
		{22966E3B-AD47-407C-A8CD-549EBBC1B365}.Debug|x64.Build.0 = Debug|x64
		{22966E3B-AD47-407C-A8CD-549EBBC1B365}.Debug|x86.ActiveCfg = Debug|Win32
		{22966E3B-AD47-407C-A8CD-549EBBC1B365}.Debug|x86.Build.0 = Debug|Win32
		{22966E3B-AD47-407C-A8CD-549EBBC1B365}.Release|x64.ActiveCfg = Release|x64
		{22966E3B-AD47-407C-A8CD-549EBBC1B365}.Release|x64.Build.0 = Release|x64
		{22966E3B-AD47-407C-A8CD-549EBBC1B365}.Release|x86.ActiveCfg = Release|Win32
		{22966E3B-AD47-407C-A8CD-549EBBC1B365}.Release|x86.Build.0 = Release|Win32
	EndGlobalSection
	GlobalSection(SolutionProperties) = preSolution
		HideSolutionNode = FALSE
	EndGlobalSection
	GlobalSection(ExtensibilityGlobals) = postSolution
		SolutionGuid = {7DAB8B83-B4C2-4489-8A9B-A4DE9102835F}
	EndGlobalSection
EndGlobal
