
Microsoft Visual Studio Solution File, Format Version 12.00
# Visual Studio 15
VisualStudioVersion = 15.0.27428.2027
MinimumVisualStudioVersion = 10.0.40219.1
Project("{8BC9CEB8-8B4A-11D0-8D11-00A0C91BC942}") = "MorseCode", "MorseCode\MorseCode.vcxproj", "{639F9082-4C99-4EE0-9E83-C37267296B31}"
EndProject
Global
	GlobalSection(SolutionConfigurationPlatforms) = preSolution
		Debug|x64 = Debug|x64
		Debug|x86 = Debug|x86
		Release|x64 = Release|x64
		Release|x86 = Release|x86
	EndGlobalSection
	GlobalSection(ProjectConfigurationPlatforms) = postSolution
		{639F9082-4C99-4EE0-9E83-C37267296B31}.Debug|x64.ActiveCfg = Debug|x64
		{639F9082-4C99-4EE0-9E83-C37267296B31}.Debug|x64.Build.0 = Debug|x64
		{639F9082-4C99-4EE0-9E83-C37267296B31}.Debug|x86.ActiveCfg = Debug|Win32
		{639F9082-4C99-4EE0-9E83-C37267296B31}.Debug|x86.Build.0 = Debug|Win32
		{639F9082-4C99-4EE0-9E83-C37267296B31}.Release|x64.ActiveCfg = Release|x64
		{639F9082-4C99-4EE0-9E83-C37267296B31}.Release|x64.Build.0 = Release|x64
		{639F9082-4C99-4EE0-9E83-C37267296B31}.Release|x86.ActiveCfg = Release|Win32
		{639F9082-4C99-4EE0-9E83-C37267296B31}.Release|x86.Build.0 = Release|Win32
	EndGlobalSection
	GlobalSection(SolutionProperties) = preSolution
		HideSolutionNode = FALSE
	EndGlobalSection
	GlobalSection(ExtensibilityGlobals) = postSolution
		SolutionGuid = {F74F0E37-F063-4E92-9914-F8F00362D0C8}
	EndGlobalSection
EndGlobal
